
Microsoft Visual Studio Solution File, Format Version 12.00
# Visual Studio Version 17
VisualStudioVersion = 17.3.32929.385
MinimumVisualStudioVersion = 10.0.40219.1
Project("{FAE04EC0-301F-11D3-BF4B-00C04F79EFBC}") = "gör ett program som räknar ihop två tal", "gör ett program som räknar ihop två tal\gör ett program som räknar ihop två tal.csproj", "{05A46135-1CDC-4F6C-A2AE-1B9AE3B81085}"
EndProject
Global
	GlobalSection(SolutionConfigurationPlatforms) = preSolution
		Debug|Any CPU = Debug|Any CPU
		Release|Any CPU = Release|Any CPU
	EndGlobalSection
	GlobalSection(ProjectConfigurationPlatforms) = postSolution
		{05A46135-1CDC-4F6C-A2AE-1B9AE3B81085}.Debug|Any CPU.ActiveCfg = Debug|Any CPU
		{05A46135-1CDC-4F6C-A2AE-1B9AE3B81085}.Debug|Any CPU.Build.0 = Debug|Any CPU
		{05A46135-1CDC-4F6C-A2AE-1B9AE3B81085}.Release|Any CPU.ActiveCfg = Release|Any CPU
		{05A46135-1CDC-4F6C-A2AE-1B9AE3B81085}.Release|Any CPU.Build.0 = Release|Any CPU
	EndGlobalSection
	GlobalSection(SolutionProperties) = preSolution
		HideSolutionNode = FALSE
	EndGlobalSection
	GlobalSection(ExtensibilityGlobals) = postSolution
		SolutionGuid = {739F036E-925B-4673-AF1F-C4CDCA263993}
	EndGlobalSection
EndGlobal
